// !$*UTF8*$!
{
	archiveVersion = 1;
	classes = {
	};
	objectVersion = 55;
	objects = {

/* Begin PBXBuildFile section */
		11A79E61B4480E08DEF8137C /* Pods_TestWithFlutter.framework in Frameworks */ = {isa = PBXBuildFile; fileRef = 0E7F0400BE7D682FA2D30189 /* Pods_TestWithFlutter.framework */; };
		57EA73D43F8E52EB9624733A /* Pods_TestWithFlutter_TestWithFlutterUITests.framework in Frameworks */ = {isa = PBXBuildFile; fileRef = 55B71212BE425FB41897CA70 /* Pods_TestWithFlutter_TestWithFlutterUITests.framework */; };
		C0F6D93A2755A55200C9A061 /* AppDelegate.swift in Sources */ = {isa = PBXBuildFile; fileRef = C0F6D9392755A55200C9A061 /* AppDelegate.swift */; };
		C0F6D93C2755A55200C9A061 /* SceneDelegate.swift in Sources */ = {isa = PBXBuildFile; fileRef = C0F6D93B2755A55200C9A061 /* SceneDelegate.swift */; };
		C0F6D93E2755A55200C9A061 /* ViewController.swift in Sources */ = {isa = PBXBuildFile; fileRef = C0F6D93D2755A55200C9A061 /* ViewController.swift */; };
		C0F6D9412755A55200C9A061 /* Main.storyboard in Resources */ = {isa = PBXBuildFile; fileRef = C0F6D93F2755A55200C9A061 /* Main.storyboard */; };
		C0F6D9432755A55400C9A061 /* Assets.xcassets in Resources */ = {isa = PBXBuildFile; fileRef = C0F6D9422755A55400C9A061 /* Assets.xcassets */; };
		C0F6D9462755A55400C9A061 /* LaunchScreen.storyboard in Resources */ = {isa = PBXBuildFile; fileRef = C0F6D9442755A55400C9A061 /* LaunchScreen.storyboard */; };
		C0F6D9512755A55500C9A061 /* TestWithFlutterTests.swift in Sources */ = {isa = PBXBuildFile; fileRef = C0F6D9502755A55500C9A061 /* TestWithFlutterTests.swift */; };
		C0F6D95B2755A55500C9A061 /* TestWithFlutterUITests.swift in Sources */ = {isa = PBXBuildFile; fileRef = C0F6D95A2755A55500C9A061 /* TestWithFlutterUITests.swift */; };
		C0F6D95D2755A55500C9A061 /* TestWithFlutterUITestsLaunchTests.swift in Sources */ = {isa = PBXBuildFile; fileRef = C0F6D95C2755A55500C9A061 /* TestWithFlutterUITestsLaunchTests.swift */; };
		CDF9CA3132C0CD2F47437125 /* Pods_TestWithFlutterTests.framework in Frameworks */ = {isa = PBXBuildFile; fileRef = 0733138D62DE157CFA263C2A /* Pods_TestWithFlutterTests.framework */; };
/* End PBXBuildFile section */

/* Begin PBXContainerItemProxy section */
		C0F6D94D2755A55500C9A061 /* PBXContainerItemProxy */ = {
			isa = PBXContainerItemProxy;
			containerPortal = C0F6D92E2755A55200C9A061 /* Project object */;
			proxyType = 1;
			remoteGlobalIDString = C0F6D9352755A55200C9A061;
			remoteInfo = TestWithFlutter;
		};
		C0F6D9572755A55500C9A061 /* PBXContainerItemProxy */ = {
			isa = PBXContainerItemProxy;
			containerPortal = C0F6D92E2755A55200C9A061 /* Project object */;
			proxyType = 1;
			remoteGlobalIDString = C0F6D9352755A55200C9A061;
			remoteInfo = TestWithFlutter;
		};
/* End PBXContainerItemProxy section */

/* Begin PBXFileReference section */
		0415FA77945973C400952FE8 /* Pods-TestWithFlutterTests.debug.xcconfig */ = {isa = PBXFileReference; includeInIndex = 1; lastKnownFileType = text.xcconfig; name = "Pods-TestWithFlutterTests.debug.xcconfig"; path = "Target Support Files/Pods-TestWithFlutterTests/Pods-TestWithFlutterTests.debug.xcconfig"; sourceTree = "<group>"; };
		0733138D62DE157CFA263C2A /* Pods_TestWithFlutterTests.framework */ = {isa = PBXFileReference; explicitFileType = wrapper.framework; includeInIndex = 0; path = Pods_TestWithFlutterTests.framework; sourceTree = BUILT_PRODUCTS_DIR; };
		094F641D18784BF4B2C793EC /* Pods-TestWithFlutter-TestWithFlutterUITests.release.xcconfig */ = {isa = PBXFileReference; includeInIndex = 1; lastKnownFileType = text.xcconfig; name = "Pods-TestWithFlutter-TestWithFlutterUITests.release.xcconfig"; path = "Target Support Files/Pods-TestWithFlutter-TestWithFlutterUITests/Pods-TestWithFlutter-TestWithFlutterUITests.release.xcconfig"; sourceTree = "<group>"; };
		0E7F0400BE7D682FA2D30189 /* Pods_TestWithFlutter.framework */ = {isa = PBXFileReference; explicitFileType = wrapper.framework; includeInIndex = 0; path = Pods_TestWithFlutter.framework; sourceTree = BUILT_PRODUCTS_DIR; };
		55B71212BE425FB41897CA70 /* Pods_TestWithFlutter_TestWithFlutterUITests.framework */ = {isa = PBXFileReference; explicitFileType = wrapper.framework; includeInIndex = 0; path = Pods_TestWithFlutter_TestWithFlutterUITests.framework; sourceTree = BUILT_PRODUCTS_DIR; };
		95A70261AA81D9CF5F9ACA69 /* Pods-TestWithFlutter.debug.xcconfig */ = {isa = PBXFileReference; includeInIndex = 1; lastKnownFileType = text.xcconfig; name = "Pods-TestWithFlutter.debug.xcconfig"; path = "Target Support Files/Pods-TestWithFlutter/Pods-TestWithFlutter.debug.xcconfig"; sourceTree = "<group>"; };
		AB0D25B8BCECD0E2BE9D22C5 /* Pods-TestWithFlutterTests.release.xcconfig */ = {isa = PBXFileReference; includeInIndex = 1; lastKnownFileType = text.xcconfig; name = "Pods-TestWithFlutterTests.release.xcconfig"; path = "Target Support Files/Pods-TestWithFlutterTests/Pods-TestWithFlutterTests.release.xcconfig"; sourceTree = "<group>"; };
		C0F6D9362755A55200C9A061 /* TestWithFlutter.app */ = {isa = PBXFileReference; explicitFileType = wrapper.application; includeInIndex = 0; path = TestWithFlutter.app; sourceTree = BUILT_PRODUCTS_DIR; };
		C0F6D9392755A55200C9A061 /* AppDelegate.swift */ = {isa = PBXFileReference; lastKnownFileType = sourcecode.swift; path = AppDelegate.swift; sourceTree = "<group>"; };
		C0F6D93B2755A55200C9A061 /* SceneDelegate.swift */ = {isa = PBXFileReference; lastKnownFileType = sourcecode.swift; path = SceneDelegate.swift; sourceTree = "<group>"; };
		C0F6D93D2755A55200C9A061 /* ViewController.swift */ = {isa = PBXFileReference; lastKnownFileType = sourcecode.swift; path = ViewController.swift; sourceTree = "<group>"; };
		C0F6D9402755A55200C9A061 /* Base */ = {isa = PBXFileReference; lastKnownFileType = file.storyboard; name = Base; path = Base.lproj/Main.storyboard; sourceTree = "<group>"; };
		C0F6D9422755A55400C9A061 /* Assets.xcassets */ = {isa = PBXFileReference; lastKnownFileType = folder.assetcatalog; path = Assets.xcassets; sourceTree = "<group>"; };
		C0F6D9452755A55400C9A061 /* Base */ = {isa = PBXFileReference; lastKnownFileType = file.storyboard; name = Base; path = Base.lproj/LaunchScreen.storyboard; sourceTree = "<group>"; };
		C0F6D9472755A55400C9A061 /* Info.plist */ = {isa = PBXFileReference; lastKnownFileType = text.plist.xml; path = Info.plist; sourceTree = "<group>"; };
		C0F6D94C2755A55500C9A061 /* TestWithFlutterTests.xctest */ = {isa = PBXFileReference; explicitFileType = wrapper.cfbundle; includeInIndex = 0; path = TestWithFlutterTests.xctest; sourceTree = BUILT_PRODUCTS_DIR; };
		C0F6D9502755A55500C9A061 /* TestWithFlutterTests.swift */ = {isa = PBXFileReference; lastKnownFileType = sourcecode.swift; path = TestWithFlutterTests.swift; sourceTree = "<group>"; };
		C0F6D9562755A55500C9A061 /* TestWithFlutterUITests.xctest */ = {isa = PBXFileReference; explicitFileType = wrapper.cfbundle; includeInIndex = 0; path = TestWithFlutterUITests.xctest; sourceTree = BUILT_PRODUCTS_DIR; };
		C0F6D95A2755A55500C9A061 /* TestWithFlutterUITests.swift */ = {isa = PBXFileReference; lastKnownFileType = sourcecode.swift; path = TestWithFlutterUITests.swift; sourceTree = "<group>"; };
		C0F6D95C2755A55500C9A061 /* TestWithFlutterUITestsLaunchTests.swift */ = {isa = PBXFileReference; lastKnownFileType = sourcecode.swift; path = TestWithFlutterUITestsLaunchTests.swift; sourceTree = "<group>"; };
		F70CB072644BCA951C1D6A01 /* Pods-TestWithFlutter-TestWithFlutterUITests.debug.xcconfig */ = {isa = PBXFileReference; includeInIndex = 1; lastKnownFileType = text.xcconfig; name = "Pods-TestWithFlutter-TestWithFlutterUITests.debug.xcconfig"; path = "Target Support Files/Pods-TestWithFlutter-TestWithFlutterUITests/Pods-TestWithFlutter-TestWithFlutterUITests.debug.xcconfig"; sourceTree = "<group>"; };
		FFB3F643D4D8BF84A7A19173 /* Pods-TestWithFlutter.release.xcconfig */ = {isa = PBXFileReference; includeInIndex = 1; lastKnownFileType = text.xcconfig; name = "Pods-TestWithFlutter.release.xcconfig"; path = "Target Support Files/Pods-TestWithFlutter/Pods-TestWithFlutter.release.xcconfig"; sourceTree = "<group>"; };
/* End PBXFileReference section */

/* Begin PBXFrameworksBuildPhase section */
		C0F6D9332755A55200C9A061 /* Frameworks */ = {
			isa = PBXFrameworksBuildPhase;
			buildActionMask = 2147483647;
			files = (
				11A79E61B4480E08DEF8137C /* Pods_TestWithFlutter.framework in Frameworks */,
			);
			runOnlyForDeploymentPostprocessing = 0;
		};
		C0F6D9492755A55500C9A061 /* Frameworks */ = {
			isa = PBXFrameworksBuildPhase;
			buildActionMask = 2147483647;
			files = (
				CDF9CA3132C0CD2F47437125 /* Pods_TestWithFlutterTests.framework in Frameworks */,
			);
			runOnlyForDeploymentPostprocessing = 0;
		};
		C0F6D9532755A55500C9A061 /* Frameworks */ = {
			isa = PBXFrameworksBuildPhase;
			buildActionMask = 2147483647;
			files = (
				57EA73D43F8E52EB9624733A /* Pods_TestWithFlutter_TestWithFlutterUITests.framework in Frameworks */,
			);
			runOnlyForDeploymentPostprocessing = 0;
		};
/* End PBXFrameworksBuildPhase section */

/* Begin PBXGroup section */
		7642E7FAFB336DC64E23094D /* Pods */ = {
			isa = PBXGroup;
			children = (
				95A70261AA81D9CF5F9ACA69 /* Pods-TestWithFlutter.debug.xcconfig */,
				FFB3F643D4D8BF84A7A19173 /* Pods-TestWithFlutter.release.xcconfig */,
				F70CB072644BCA951C1D6A01 /* Pods-TestWithFlutter-TestWithFlutterUITests.debug.xcconfig */,
				094F641D18784BF4B2C793EC /* Pods-TestWithFlutter-TestWithFlutterUITests.release.xcconfig */,
				0415FA77945973C400952FE8 /* Pods-TestWithFlutterTests.debug.xcconfig */,
				AB0D25B8BCECD0E2BE9D22C5 /* Pods-TestWithFlutterTests.release.xcconfig */,
			);
			name = Pods;
			path = Pods;
			sourceTree = "<group>";
		};
		B269D2868E40364BC7F79A7E /* Frameworks */ = {
			isa = PBXGroup;
			children = (
				0E7F0400BE7D682FA2D30189 /* Pods_TestWithFlutter.framework */,
				55B71212BE425FB41897CA70 /* Pods_TestWithFlutter_TestWithFlutterUITests.framework */,
				0733138D62DE157CFA263C2A /* Pods_TestWithFlutterTests.framework */,
			);
			name = Frameworks;
			sourceTree = "<group>";
		};
		C0F6D92D2755A55200C9A061 = {
			isa = PBXGroup;
			children = (
				C0F6D9382755A55200C9A061 /* TestWithFlutter */,
				C0F6D94F2755A55500C9A061 /* TestWithFlutterTests */,
				C0F6D9592755A55500C9A061 /* TestWithFlutterUITests */,
				C0F6D9372755A55200C9A061 /* Products */,
				7642E7FAFB336DC64E23094D /* Pods */,
				B269D2868E40364BC7F79A7E /* Frameworks */,
			);
			sourceTree = "<group>";
		};
		C0F6D9372755A55200C9A061 /* Products */ = {
			isa = PBXGroup;
			children = (
				C0F6D9362755A55200C9A061 /* TestWithFlutter.app */,
				C0F6D94C2755A55500C9A061 /* TestWithFlutterTests.xctest */,
				C0F6D9562755A55500C9A061 /* TestWithFlutterUITests.xctest */,
			);
			name = Products;
			sourceTree = "<group>";
		};
		C0F6D9382755A55200C9A061 /* TestWithFlutter */ = {
			isa = PBXGroup;
			children = (
				C0F6D9392755A55200C9A061 /* AppDelegate.swift */,
				C0F6D93B2755A55200C9A061 /* SceneDelegate.swift */,
				C0F6D93D2755A55200C9A061 /* ViewController.swift */,
				C0F6D93F2755A55200C9A061 /* Main.storyboard */,
				C0F6D9422755A55400C9A061 /* Assets.xcassets */,
				C0F6D9442755A55400C9A061 /* LaunchScreen.storyboard */,
				C0F6D9472755A55400C9A061 /* Info.plist */,
			);
			path = TestWithFlutter;
			sourceTree = "<group>";
		};
		C0F6D94F2755A55500C9A061 /* TestWithFlutterTests */ = {
			isa = PBXGroup;
			children = (
				C0F6D9502755A55500C9A061 /* TestWithFlutterTests.swift */,
			);
			path = TestWithFlutterTests;
			sourceTree = "<group>";
		};
		C0F6D9592755A55500C9A061 /* TestWithFlutterUITests */ = {
			isa = PBXGroup;
			children = (
				C0F6D95A2755A55500C9A061 /* TestWithFlutterUITests.swift */,
				C0F6D95C2755A55500C9A061 /* TestWithFlutterUITestsLaunchTests.swift */,
			);
			path = TestWithFlutterUITests;
			sourceTree = "<group>";
		};
/* End PBXGroup section */

/* Begin PBXNativeTarget section */
		C0F6D9352755A55200C9A061 /* TestWithFlutter */ = {
			isa = PBXNativeTarget;
			buildConfigurationList = C0F6D9602755A55500C9A061 /* Build configuration list for PBXNativeTarget "TestWithFlutter" */;
			buildPhases = (
				E84B15D09F7CD5DC5B592FC1 /* [CP] Check Pods Manifest.lock */,
				2F65A48DA22537D25B70137A /* [CP-User] Run Flutter Build flutter_module_test Script */,
				C0F6D9322755A55200C9A061 /* Sources */,
				C0F6D9332755A55200C9A061 /* Frameworks */,
				C0F6D9342755A55200C9A061 /* Resources */,
				91ECBAE57974523D05EB14E8 /* [CP] Embed Pods Frameworks */,
			);
			buildRules = (
			);
			dependencies = (
			);
			name = TestWithFlutter;
			productName = TestWithFlutter;
			productReference = C0F6D9362755A55200C9A061 /* TestWithFlutter.app */;
			productType = "com.apple.product-type.application";
		};
		C0F6D94B2755A55500C9A061 /* TestWithFlutterTests */ = {
			isa = PBXNativeTarget;
			buildConfigurationList = C0F6D9632755A55500C9A061 /* Build configuration list for PBXNativeTarget "TestWithFlutterTests" */;
			buildPhases = (
				07E3DF1CBAA7F9EA03D1A042 /* [CP] Check Pods Manifest.lock */,
				C0F6D9482755A55500C9A061 /* Sources */,
				C0F6D9492755A55500C9A061 /* Frameworks */,
				C0F6D94A2755A55500C9A061 /* Resources */,
			);
			buildRules = (
			);
			dependencies = (
				C0F6D94E2755A55500C9A061 /* PBXTargetDependency */,
			);
			name = TestWithFlutterTests;
			productName = TestWithFlutterTests;
			productReference = C0F6D94C2755A55500C9A061 /* TestWithFlutterTests.xctest */;
			productType = "com.apple.product-type.bundle.unit-test";
		};
		C0F6D9552755A55500C9A061 /* TestWithFlutterUITests */ = {
			isa = PBXNativeTarget;
			buildConfigurationList = C0F6D9662755A55500C9A061 /* Build configuration list for PBXNativeTarget "TestWithFlutterUITests" */;
			buildPhases = (
				9F77AB7544747749956882D5 /* [CP] Check Pods Manifest.lock */,
				C0F6D9522755A55500C9A061 /* Sources */,
				C0F6D9532755A55500C9A061 /* Frameworks */,
				C0F6D9542755A55500C9A061 /* Resources */,
				C854025E08B27E0268C18D74 /* [CP] Embed Pods Frameworks */,
			);
			buildRules = (
			);
			dependencies = (
				C0F6D9582755A55500C9A061 /* PBXTargetDependency */,
			);
			name = TestWithFlutterUITests;
			productName = TestWithFlutterUITests;
			productReference = C0F6D9562755A55500C9A061 /* TestWithFlutterUITests.xctest */;
			productType = "com.apple.product-type.bundle.ui-testing";
		};
/* End PBXNativeTarget section */

/* Begin PBXProject section */
		C0F6D92E2755A55200C9A061 /* Project object */ = {
			isa = PBXProject;
			attributes = {
				BuildIndependentTargetsInParallel = 1;
				LastSwiftUpdateCheck = 1300;
				LastUpgradeCheck = 1300;
				TargetAttributes = {
					C0F6D9352755A55200C9A061 = {
						CreatedOnToolsVersion = 13.0;
					};
					C0F6D94B2755A55500C9A061 = {
						CreatedOnToolsVersion = 13.0;
						TestTargetID = C0F6D9352755A55200C9A061;
					};
					C0F6D9552755A55500C9A061 = {
						CreatedOnToolsVersion = 13.0;
						TestTargetID = C0F6D9352755A55200C9A061;
					};
				};
			};
			buildConfigurationList = C0F6D9312755A55200C9A061 /* Build configuration list for PBXProject "TestWithFlutter" */;
			compatibilityVersion = "Xcode 13.0";
			developmentRegion = en;
			hasScannedForEncodings = 0;
			knownRegions = (
				en,
				Base,
			);
			mainGroup = C0F6D92D2755A55200C9A061;
			productRefGroup = C0F6D9372755A55200C9A061 /* Products */;
			projectDirPath = "";
			projectRoot = "";
			targets = (
				C0F6D9352755A55200C9A061 /* TestWithFlutter */,
				C0F6D94B2755A55500C9A061 /* TestWithFlutterTests */,
				C0F6D9552755A55500C9A061 /* TestWithFlutterUITests */,
			);
		};
/* End PBXProject section */

/* Begin PBXResourcesBuildPhase section */
		C0F6D9342755A55200C9A061 /* Resources */ = {
			isa = PBXResourcesBuildPhase;
			buildActionMask = 2147483647;
			files = (
				C0F6D9462755A55400C9A061 /* LaunchScreen.storyboard in Resources */,
				C0F6D9432755A55400C9A061 /* Assets.xcassets in Resources */,
				C0F6D9412755A55200C9A061 /* Main.storyboard in Resources */,
			);
			runOnlyForDeploymentPostprocessing = 0;
		};
		C0F6D94A2755A55500C9A061 /* Resources */ = {
			isa = PBXResourcesBuildPhase;
			buildActionMask = 2147483647;
			files = (
			);
			runOnlyForDeploymentPostprocessing = 0;
		};
		C0F6D9542755A55500C9A061 /* Resources */ = {
			isa = PBXResourcesBuildPhase;
			buildActionMask = 2147483647;
			files = (
			);
			runOnlyForDeploymentPostprocessing = 0;
		};
/* End PBXResourcesBuildPhase section */

/* Begin PBXShellScriptBuildPhase section */
		07E3DF1CBAA7F9EA03D1A042 /* [CP] Check Pods Manifest.lock */ = {
			isa = PBXShellScriptBuildPhase;
			buildActionMask = 2147483647;
			files = (
			);
			inputFileListPaths = (
			);
			inputPaths = (
				"${PODS_PODFILE_DIR_PATH}/Podfile.lock",
				"${PODS_ROOT}/Manifest.lock",
			);
			name = "[CP] Check Pods Manifest.lock";
			outputFileListPaths = (
			);
			outputPaths = (
				"$(DERIVED_FILE_DIR)/Pods-TestWithFlutterTests-checkManifestLockResult.txt",
			);
			runOnlyForDeploymentPostprocessing = 0;
			shellPath = /bin/sh;
			shellScript = "diff \"${PODS_PODFILE_DIR_PATH}/Podfile.lock\" \"${PODS_ROOT}/Manifest.lock\" > /dev/null\nif [ $? != 0 ] ; then\n    # print error to STDERR\n    echo \"error: The sandbox is not in sync with the Podfile.lock. Run 'pod install' or update your CocoaPods installation.\" >&2\n    exit 1\nfi\n# This output is used by Xcode 'outputs' to avoid re-running this script phase.\necho \"SUCCESS\" > \"${SCRIPT_OUTPUT_FILE_0}\"\n";
			showEnvVarsInLog = 0;
		};
		2F65A48DA22537D25B70137A /* [CP-User] Run Flutter Build flutter_module_test Script */ = {
			isa = PBXShellScriptBuildPhase;
			buildActionMask = 2147483647;
			files = (
			);
			name = "[CP-User] Run Flutter Build flutter_module_test Script";
			runOnlyForDeploymentPostprocessing = 0;
			shellPath = /bin/sh;
			shellScript = "set -e\nset -u\nsource \"${SRCROOT}/../flutter-module-ios-test/.ios/Flutter/flutter_export_environment.sh\"\nexport VERBOSE_SCRIPT_LOGGING=1 && \"$FLUTTER_ROOT\"/packages/flutter_tools/bin/xcode_backend.sh build";
		};
		91ECBAE57974523D05EB14E8 /* [CP] Embed Pods Frameworks */ = {
			isa = PBXShellScriptBuildPhase;
			buildActionMask = 2147483647;
			files = (
			);
			inputFileListPaths = (
				"${PODS_ROOT}/Target Support Files/Pods-TestWithFlutter/Pods-TestWithFlutter-frameworks-${CONFIGURATION}-input-files.xcfilelist",
			);
			name = "[CP] Embed Pods Frameworks";
			outputFileListPaths = (
				"${PODS_ROOT}/Target Support Files/Pods-TestWithFlutter/Pods-TestWithFlutter-frameworks-${CONFIGURATION}-output-files.xcfilelist",
			);
			runOnlyForDeploymentPostprocessing = 0;
			shellPath = /bin/sh;
			shellScript = "\"${PODS_ROOT}/Target Support Files/Pods-TestWithFlutter/Pods-TestWithFlutter-frameworks.sh\"\n";
			showEnvVarsInLog = 0;
		};
		9F77AB7544747749956882D5 /* [CP] Check Pods Manifest.lock */ = {
			isa = PBXShellScriptBuildPhase;
			buildActionMask = 2147483647;
			files = (
			);
			inputFileListPaths = (
			);
			inputPaths = (
				"${PODS_PODFILE_DIR_PATH}/Podfile.lock",
				"${PODS_ROOT}/Manifest.lock",
			);
			name = "[CP] Check Pods Manifest.lock";
			outputFileListPaths = (
			);
			outputPaths = (
				"$(DERIVED_FILE_DIR)/Pods-TestWithFlutter-TestWithFlutterUITests-checkManifestLockResult.txt",
			);
			runOnlyForDeploymentPostprocessing = 0;
			shellPath = /bin/sh;
			shellScript = "diff \"${PODS_PODFILE_DIR_PATH}/Podfile.lock\" \"${PODS_ROOT}/Manifest.lock\" > /dev/null\nif [ $? != 0 ] ; then\n    # print error to STDERR\n    echo \"error: The sandbox is not in sync with the Podfile.lock. Run 'pod install' or update your CocoaPods installation.\" >&2\n    exit 1\nfi\n# This output is used by Xcode 'outputs' to avoid re-running this script phase.\necho \"SUCCESS\" > \"${SCRIPT_OUTPUT_FILE_0}\"\n";
			showEnvVarsInLog = 0;
		};
		C854025E08B27E0268C18D74 /* [CP] Embed Pods Frameworks */ = {
			isa = PBXShellScriptBuildPhase;
			buildActionMask = 2147483647;
			files = (
			);
			inputFileListPaths = (
				"${PODS_ROOT}/Target Support Files/Pods-TestWithFlutter-TestWithFlutterUITests/Pods-TestWithFlutter-TestWithFlutterUITests-frameworks-${CONFIGURATION}-input-files.xcfilelist",
			);
			name = "[CP] Embed Pods Frameworks";
			outputFileListPaths = (
				"${PODS_ROOT}/Target Support Files/Pods-TestWithFlutter-TestWithFlutterUITests/Pods-TestWithFlutter-TestWithFlutterUITests-frameworks-${CONFIGURATION}-output-files.xcfilelist",
			);
			runOnlyForDeploymentPostprocessing = 0;
			shellPath = /bin/sh;
			shellScript = "\"${PODS_ROOT}/Target Support Files/Pods-TestWithFlutter-TestWithFlutterUITests/Pods-TestWithFlutter-TestWithFlutterUITests-frameworks.sh\"\n";
			showEnvVarsInLog = 0;
		};
		E84B15D09F7CD5DC5B592FC1 /* [CP] Check Pods Manifest.lock */ = {
			isa = PBXShellScriptBuildPhase;
			buildActionMask = 2147483647;
			files = (
			);
			inputFileListPaths = (
			);
			inputPaths = (
				"${PODS_PODFILE_DIR_PATH}/Podfile.lock",
				"${PODS_ROOT}/Manifest.lock",
			);
			name = "[CP] Check Pods Manifest.lock";
			outputFileListPaths = (
			);
			outputPaths = (
				"$(DERIVED_FILE_DIR)/Pods-TestWithFlutter-checkManifestLockResult.txt",
			);
			runOnlyForDeploymentPostprocessing = 0;
			shellPath = /bin/sh;
			shellScript = "diff \"${PODS_PODFILE_DIR_PATH}/Podfile.lock\" \"${PODS_ROOT}/Manifest.lock\" > /dev/null\nif [ $? != 0 ] ; then\n    # print error to STDERR\n    echo \"error: The sandbox is not in sync with the Podfile.lock. Run 'pod install' or update your CocoaPods installation.\" >&2\n    exit 1\nfi\n# This output is used by Xcode 'outputs' to avoid re-running this script phase.\necho \"SUCCESS\" > \"${SCRIPT_OUTPUT_FILE_0}\"\n";
			showEnvVarsInLog = 0;
		};
/* End PBXShellScriptBuildPhase section */

/* Begin PBXSourcesBuildPhase section */
		C0F6D9322755A55200C9A061 /* Sources */ = {
			isa = PBXSourcesBuildPhase;
			buildActionMask = 2147483647;
			files = (
				C0F6D93E2755A55200C9A061 /* ViewController.swift in Sources */,
				C0F6D93A2755A55200C9A061 /* AppDelegate.swift in Sources */,
				C0F6D93C2755A55200C9A061 /* SceneDelegate.swift in Sources */,
			);
			runOnlyForDeploymentPostprocessing = 0;
		};
		C0F6D9482755A55500C9A061 /* Sources */ = {
			isa = PBXSourcesBuildPhase;
			buildActionMask = 2147483647;
			files = (
				C0F6D9512755A55500C9A061 /* TestWithFlutterTests.swift in Sources */,
			);
			runOnlyForDeploymentPostprocessing = 0;
		};
		C0F6D9522755A55500C9A061 /* Sources */ = {
			isa = PBXSourcesBuildPhase;
			buildActionMask = 2147483647;
			files = (
				C0F6D95B2755A55500C9A061 /* TestWithFlutterUITests.swift in Sources */,
				C0F6D95D2755A55500C9A061 /* TestWithFlutterUITestsLaunchTests.swift in Sources */,
			);
			runOnlyForDeploymentPostprocessing = 0;
		};
/* End PBXSourcesBuildPhase section */

/* Begin PBXTargetDependency section */
		C0F6D94E2755A55500C9A061 /* PBXTargetDependency */ = {
			isa = PBXTargetDependency;
			target = C0F6D9352755A55200C9A061 /* TestWithFlutter */;
			targetProxy = C0F6D94D2755A55500C9A061 /* PBXContainerItemProxy */;
		};
		C0F6D9582755A55500C9A061 /* PBXTargetDependency */ = {
			isa = PBXTargetDependency;
			target = C0F6D9352755A55200C9A061 /* TestWithFlutter */;
			targetProxy = C0F6D9572755A55500C9A061 /* PBXContainerItemProxy */;
		};
/* End PBXTargetDependency section */

/* Begin PBXVariantGroup section */
		C0F6D93F2755A55200C9A061 /* Main.storyboard */ = {
			isa = PBXVariantGroup;
			children = (
				C0F6D9402755A55200C9A061 /* Base */,
			);
			name = Main.storyboard;
			sourceTree = "<group>";
		};
		C0F6D9442755A55400C9A061 /* LaunchScreen.storyboard */ = {
			isa = PBXVariantGroup;
			children = (
				C0F6D9452755A55400C9A061 /* Base */,
			);
			name = LaunchScreen.storyboard;
			sourceTree = "<group>";
		};
/* End PBXVariantGroup section */

/* Begin XCBuildConfiguration section */
		C0F6D95E2755A55500C9A061 /* Debug */ = {
			isa = XCBuildConfiguration;
			buildSettings = {
				ALWAYS_SEARCH_USER_PATHS = NO;
				CLANG_ANALYZER_NONNULL = YES;
				CLANG_ANALYZER_NUMBER_OBJECT_CONVERSION = YES_AGGRESSIVE;
				CLANG_CXX_LANGUAGE_STANDARD = "gnu++17";
				CLANG_CXX_LIBRARY = "libc++";
				CLANG_ENABLE_MODULES = YES;
				CLANG_ENABLE_OBJC_ARC = YES;
				CLANG_ENABLE_OBJC_WEAK = YES;
				CLANG_WARN_BLOCK_CAPTURE_AUTORELEASING = YES;
				CLANG_WARN_BOOL_CONVERSION = YES;
				CLANG_WARN_COMMA = YES;
				CLANG_WARN_CONSTANT_CONVERSION = YES;
				CLANG_WARN_DEPRECATED_OBJC_IMPLEMENTATIONS = YES;
				CLANG_WARN_DIRECT_OBJC_ISA_USAGE = YES_ERROR;
				CLANG_WARN_DOCUMENTATION_COMMENTS = YES;
				CLANG_WARN_EMPTY_BODY = YES;
				CLANG_WARN_ENUM_CONVERSION = YES;
				CLANG_WARN_INFINITE_RECURSION = YES;
				CLANG_WARN_INT_CONVERSION = YES;
				CLANG_WARN_NON_LITERAL_NULL_CONVERSION = YES;
				CLANG_WARN_OBJC_IMPLICIT_RETAIN_SELF = YES;
				CLANG_WARN_OBJC_LITERAL_CONVERSION = YES;
				CLANG_WARN_OBJC_ROOT_CLASS = YES_ERROR;
				CLANG_WARN_QUOTED_INCLUDE_IN_FRAMEWORK_HEADER = YES;
				CLANG_WARN_RANGE_LOOP_ANALYSIS = YES;
				CLANG_WARN_STRICT_PROTOTYPES = YES;
				CLANG_WARN_SUSPICIOUS_MOVE = YES;
				CLANG_WARN_UNGUARDED_AVAILABILITY = YES_AGGRESSIVE;
				CLANG_WARN_UNREACHABLE_CODE = YES;
				CLANG_WARN__DUPLICATE_METHOD_MATCH = YES;
				COPY_PHASE_STRIP = NO;
				DEBUG_INFORMATION_FORMAT = dwarf;
				ENABLE_STRICT_OBJC_MSGSEND = YES;
				ENABLE_TESTABILITY = YES;
				GCC_C_LANGUAGE_STANDARD = gnu11;
				GCC_DYNAMIC_NO_PIC = NO;
				GCC_NO_COMMON_BLOCKS = YES;
				GCC_OPTIMIZATION_LEVEL = 0;
				GCC_PREPROCESSOR_DEFINITIONS = (
					"DEBUG=1",
					"$(inherited)",
				);
				GCC_WARN_64_TO_32_BIT_CONVERSION = YES;
				GCC_WARN_ABOUT_RETURN_TYPE = YES_ERROR;
				GCC_WARN_UNDECLARED_SELECTOR = YES;
				GCC_WARN_UNINITIALIZED_AUTOS = YES_AGGRESSIVE;
				GCC_WARN_UNUSED_FUNCTION = YES;
				GCC_WARN_UNUSED_VARIABLE = YES;
				IPHONEOS_DEPLOYMENT_TARGET = 15.0;
				MTL_ENABLE_DEBUG_INFO = INCLUDE_SOURCE;
				MTL_FAST_MATH = YES;
				ONLY_ACTIVE_ARCH = YES;
				SDKROOT = iphoneos;
				SWIFT_ACTIVE_COMPILATION_CONDITIONS = DEBUG;
				SWIFT_OPTIMIZATION_LEVEL = "-Onone";
			};
			name = Debug;
		};
		C0F6D95F2755A55500C9A061 /* Release */ = {
			isa = XCBuildConfiguration;
			buildSettings = {
				ALWAYS_SEARCH_USER_PATHS = NO;
				CLANG_ANALYZER_NONNULL = YES;
				CLANG_ANALYZER_NUMBER_OBJECT_CONVERSION = YES_AGGRESSIVE;
				CLANG_CXX_LANGUAGE_STANDARD = "gnu++17";
				CLANG_CXX_LIBRARY = "libc++";
				CLANG_ENABLE_MODULES = YES;
				CLANG_ENABLE_OBJC_ARC = YES;
				CLANG_ENABLE_OBJC_WEAK = YES;
				CLANG_WARN_BLOCK_CAPTURE_AUTORELEASING = YES;
				CLANG_WARN_BOOL_CONVERSION = YES;
				CLANG_WARN_COMMA = YES;
				CLANG_WARN_CONSTANT_CONVERSION = YES;
				CLANG_WARN_DEPRECATED_OBJC_IMPLEMENTATIONS = YES;
				CLANG_WARN_DIRECT_OBJC_ISA_USAGE = YES_ERROR;
				CLANG_WARN_DOCUMENTATION_COMMENTS = YES;
				CLANG_WARN_EMPTY_BODY = YES;
				CLANG_WARN_ENUM_CONVERSION = YES;
				CLANG_WARN_INFINITE_RECURSION = YES;
				CLANG_WARN_INT_CONVERSION = YES;
				CLANG_WARN_NON_LITERAL_NULL_CONVERSION = YES;
				CLANG_WARN_OBJC_IMPLICIT_RETAIN_SELF = YES;
				CLANG_WARN_OBJC_LITERAL_CONVERSION = YES;
				CLANG_WARN_OBJC_ROOT_CLASS = YES_ERROR;
				CLANG_WARN_QUOTED_INCLUDE_IN_FRAMEWORK_HEADER = YES;
				CLANG_WARN_RANGE_LOOP_ANALYSIS = YES;
				CLANG_WARN_STRICT_PROTOTYPES = YES;
				CLANG_WARN_SUSPICIOUS_MOVE = YES;
				CLANG_WARN_UNGUARDED_AVAILABILITY = YES_AGGRESSIVE;
				CLANG_WARN_UNREACHABLE_CODE = YES;
				CLANG_WARN__DUPLICATE_METHOD_MATCH = YES;
				COPY_PHASE_STRIP = NO;
				DEBUG_INFORMATION_FORMAT = "dwarf-with-dsym";
				ENABLE_NS_ASSERTIONS = NO;
				ENABLE_STRICT_OBJC_MSGSEND = YES;
				GCC_C_LANGUAGE_STANDARD = gnu11;
				GCC_NO_COMMON_BLOCKS = YES;
				GCC_WARN_64_TO_32_BIT_CONVERSION = YES;
				GCC_WARN_ABOUT_RETURN_TYPE = YES_ERROR;
				GCC_WARN_UNDECLARED_SELECTOR = YES;
				GCC_WARN_UNINITIALIZED_AUTOS = YES_AGGRESSIVE;
				GCC_WARN_UNUSED_FUNCTION = YES;
				GCC_WARN_UNUSED_VARIABLE = YES;
				IPHONEOS_DEPLOYMENT_TARGET = 15.0;
				MTL_ENABLE_DEBUG_INFO = NO;
				MTL_FAST_MATH = YES;
				SDKROOT = iphoneos;
				SWIFT_COMPILATION_MODE = wholemodule;
				SWIFT_OPTIMIZATION_LEVEL = "-O";
				VALIDATE_PRODUCT = YES;
			};
			name = Release;
		};
		C0F6D9612755A55500C9A061 /* Debug */ = {
			isa = XCBuildConfiguration;
			baseConfigurationReference = 95A70261AA81D9CF5F9ACA69 /* Pods-TestWithFlutter.debug.xcconfig */;
			buildSettings = {
				ASSETCATALOG_COMPILER_APPICON_NAME = AppIcon;
				ASSETCATALOG_COMPILER_GLOBAL_ACCENT_COLOR_NAME = AccentColor;
				CODE_SIGN_STYLE = Automatic;
				CURRENT_PROJECT_VERSION = 1;
				GENERATE_INFOPLIST_FILE = YES;
				INFOPLIST_FILE = TestWithFlutter/Info.plist;
				INFOPLIST_KEY_UIApplicationSupportsIndirectInputEvents = YES;
				INFOPLIST_KEY_UILaunchStoryboardName = LaunchScreen;
				INFOPLIST_KEY_UIMainStoryboardFile = Main;
				INFOPLIST_KEY_UISupportedInterfaceOrientations_iPad = "UIInterfaceOrientationPortrait UIInterfaceOrientationPortraitUpsideDown UIInterfaceOrientationLandscapeLeft UIInterfaceOrientationLandscapeRight";
				INFOPLIST_KEY_UISupportedInterfaceOrientations_iPhone = "UIInterfaceOrientationPortrait UIInterfaceOrientationLandscapeLeft UIInterfaceOrientationLandscapeRight";
				LD_RUNPATH_SEARCH_PATHS = (
					"$(inherited)",
					"@executable_path/Frameworks",
				);
				MARKETING_VERSION = 1.0;
				PRODUCT_BUNDLE_IDENTIFIER = com.miquido.TestWithFlutter;
				PRODUCT_NAME = "$(TARGET_NAME)";
				SWIFT_EMIT_LOC_STRINGS = YES;
				SWIFT_VERSION = 5.0;
				TARGETED_DEVICE_FAMILY = "1,2";
			};
			name = Debug;
		};
		C0F6D9622755A55500C9A061 /* Release */ = {
			isa = XCBuildConfiguration;
			baseConfigurationReference = FFB3F643D4D8BF84A7A19173 /* Pods-TestWithFlutter.release.xcconfig */;
			buildSettings = {
				ASSETCATALOG_COMPILER_APPICON_NAME = AppIcon;
				ASSETCATALOG_COMPILER_GLOBAL_ACCENT_COLOR_NAME = AccentColor;
				CODE_SIGN_STYLE = Automatic;
				CURRENT_PROJECT_VERSION = 1;
				GENERATE_INFOPLIST_FILE = YES;
				INFOPLIST_FILE = TestWithFlutter/Info.plist;
				INFOPLIST_KEY_UIApplicationSupportsIndirectInputEvents = YES;
				INFOPLIST_KEY_UILaunchStoryboardName = LaunchScreen;
				INFOPLIST_KEY_UIMainStoryboardFile = Main;
				INFOPLIST_KEY_UISupportedInterfaceOrientations_iPad = "UIInterfaceOrientationPortrait UIInterfaceOrientationPortraitUpsideDown UIInterfaceOrientationLandscapeLeft UIInterfaceOrientationLandscapeRight";
				INFOPLIST_KEY_UISupportedInterfaceOrientations_iPhone = "UIInterfaceOrientationPortrait UIInterfaceOrientationLandscapeLeft UIInterfaceOrientationLandscapeRight";
				LD_RUNPATH_SEARCH_PATHS = (
					"$(inherited)",
					"@executable_path/Frameworks",
				);
				MARKETING_VERSION = 1.0;
				PRODUCT_BUNDLE_IDENTIFIER = com.miquido.TestWithFlutter;
				PRODUCT_NAME = "$(TARGET_NAME)";
				SWIFT_EMIT_LOC_STRINGS = YES;
				SWIFT_VERSION = 5.0;
				TARGETED_DEVICE_FAMILY = "1,2";
			};
			name = Release;
		};
		C0F6D9642755A55500C9A061 /* Debug */ = {
			isa = XCBuildConfiguration;
			baseConfigurationReference = 0415FA77945973C400952FE8 /* Pods-TestWithFlutterTests.debug.xcconfig */;
			buildSettings = {
				ALWAYS_EMBED_SWIFT_STANDARD_LIBRARIES = YES;
				BUNDLE_LOADER = "$(TEST_HOST)";
				CODE_SIGN_STYLE = Automatic;
				CURRENT_PROJECT_VERSION = 1;
				GENERATE_INFOPLIST_FILE = YES;
				IPHONEOS_DEPLOYMENT_TARGET = 15.0;
				LD_RUNPATH_SEARCH_PATHS = (
					"$(inherited)",
					"@executable_path/Frameworks",
					"@loader_path/Frameworks",
				);
				MARKETING_VERSION = 1.0;
				PRODUCT_BUNDLE_IDENTIFIER = com.miquido.TestWithFlutterTests;
				PRODUCT_NAME = "$(TARGET_NAME)";
				SWIFT_EMIT_LOC_STRINGS = NO;
				SWIFT_VERSION = 5.0;
				TARGETED_DEVICE_FAMILY = "1,2";
				TEST_HOST = "$(BUILT_PRODUCTS_DIR)/TestWithFlutter.app/TestWithFlutter";
			};
			name = Debug;
		};
		C0F6D9652755A55500C9A061 /* Release */ = {
			isa = XCBuildConfiguration;
			baseConfigurationReference = AB0D25B8BCECD0E2BE9D22C5 /* Pods-TestWithFlutterTests.release.xcconfig */;
			buildSettings = {
				ALWAYS_EMBED_SWIFT_STANDARD_LIBRARIES = YES;
				BUNDLE_LOADER = "$(TEST_HOST)";
				CODE_SIGN_STYLE = Automatic;
				CURRENT_PROJECT_VERSION = 1;
				GENERATE_INFOPLIST_FILE = YES;
				IPHONEOS_DEPLOYMENT_TARGET = 15.0;
				LD_RUNPATH_SEARCH_PATHS = (
					"$(inherited)",
					"@executable_path/Frameworks",
					"@loader_path/Frameworks",
				);
				MARKETING_VERSION = 1.0;
				PRODUCT_BUNDLE_IDENTIFIER = com.miquido.TestWithFlutterTests;
				PRODUCT_NAME = "$(TARGET_NAME)";
				SWIFT_EMIT_LOC_STRINGS = NO;
				SWIFT_VERSION = 5.0;
				TARGETED_DEVICE_FAMILY = "1,2";
				TEST_HOST = "$(BUILT_PRODUCTS_DIR)/TestWithFlutter.app/TestWithFlutter";
			};
			name = Release;
		};
		C0F6D9672755A55500C9A061 /* Debug */ = {
			isa = XCBuildConfiguration;
			baseConfigurationReference = F70CB072644BCA951C1D6A01 /* Pods-TestWithFlutter-TestWithFlutterUITests.debug.xcconfig */;
			buildSettings = {
				ALWAYS_EMBED_SWIFT_STANDARD_LIBRARIES = YES;
				CODE_SIGN_STYLE = Automatic;
				CURRENT_PROJECT_VERSION = 1;
				GENERATE_INFOPLIST_FILE = YES;
				LD_RUNPATH_SEARCH_PATHS = (
					"$(inherited)",
					"@executable_path/Frameworks",
					"@loader_path/Frameworks",
				);
				MARKETING_VERSION = 1.0;
				PRODUCT_BUNDLE_IDENTIFIER = com.miquido.TestWithFlutterUITests;
				PRODUCT_NAME = "$(TARGET_NAME)";
				SWIFT_EMIT_LOC_STRINGS = NO;
				SWIFT_VERSION = 5.0;
				TARGETED_DEVICE_FAMILY = "1,2";
				TEST_TARGET_NAME = TestWithFlutter;
			};
			name = Debug;
		};
		C0F6D9682755A55500C9A061 /* Release */ = {
			isa = XCBuildConfiguration;
			baseConfigurationReference = 094F641D18784BF4B2C793EC /* Pods-TestWithFlutter-TestWithFlutterUITests.release.xcconfig */;
			buildSettings = {
				ALWAYS_EMBED_SWIFT_STANDARD_LIBRARIES = YES;
				CODE_SIGN_STYLE = Automatic;
				CURRENT_PROJECT_VERSION = 1;
				GENERATE_INFOPLIST_FILE = YES;
				LD_RUNPATH_SEARCH_PATHS = (
					"$(inherited)",
					"@executable_path/Frameworks",
					"@loader_path/Frameworks",
				);
				MARKETING_VERSION = 1.0;
				PRODUCT_BUNDLE_IDENTIFIER = com.miquido.TestWithFlutterUITests;
				PRODUCT_NAME = "$(TARGET_NAME)";
				SWIFT_EMIT_LOC_STRINGS = NO;
				SWIFT_VERSION = 5.0;
				TARGETED_DEVICE_FAMILY = "1,2";
				TEST_TARGET_NAME = TestWithFlutter;
			};
			name = Release;
		};
/* End XCBuildConfiguration section */

/* Begin XCConfigurationList section */
		C0F6D9312755A55200C9A061 /* Build configuration list for PBXProject "TestWithFlutter" */ = {
			isa = XCConfigurationList;
			buildConfigurations = (
				C0F6D95E2755A55500C9A061 /* Debug */,
				C0F6D95F2755A55500C9A061 /* Release */,
			);
			defaultConfigurationIsVisible = 0;
			defaultConfigurationName = Release;
		};
		C0F6D9602755A55500C9A061 /* Build configuration list for PBXNativeTarget "TestWithFlutter" */ = {
			isa = XCConfigurationList;
			buildConfigurations = (
				C0F6D9612755A55500C9A061 /* Debug */,
				C0F6D9622755A55500C9A061 /* Release */,
			);
			defaultConfigurationIsVisible = 0;
			defaultConfigurationName = Release;
		};
		C0F6D9632755A55500C9A061 /* Build configuration list for PBXNativeTarget "TestWithFlutterTests" */ = {
			isa = XCConfigurationList;
			buildConfigurations = (
				C0F6D9642755A55500C9A061 /* Debug */,
				C0F6D9652755A55500C9A061 /* Release */,
			);
			defaultConfigurationIsVisible = 0;
			defaultConfigurationName = Release;
		};
		C0F6D9662755A55500C9A061 /* Build configuration list for PBXNativeTarget "TestWithFlutterUITests" */ = {
			isa = XCConfigurationList;
			buildConfigurations = (
				C0F6D9672755A55500C9A061 /* Debug */,
				C0F6D9682755A55500C9A061 /* Release */,
			);
			defaultConfigurationIsVisible = 0;
			defaultConfigurationName = Release;
		};
/* End XCConfigurationList section */
	};
	rootObject = C0F6D92E2755A55200C9A061 /* Project object */;
}
